
Microsoft Visual Studio Solution File, Format Version 12.00
# Visual Studio Version 17
VisualStudioVersion = 17.13.35931.197 d17.13
MinimumVisualStudioVersion = 10.0.40219.1
Project("{FAE04EC0-301F-11D3-BF4B-00C04F79EFBC}") = "FibonacciApp", "FibonacciApp.csproj", "{6FBD1A2D-B598-475E-9698-32688C0E2216}"
EndProject
Global
	GlobalSection(SolutionConfigurationPlatforms) = preSolution
		Debug|Any CPU = Debug|Any CPU
		Release|Any CPU = Release|Any CPU
	EndGlobalSection
	GlobalSection(ProjectConfigurationPlatforms) = postSolution
		{6FBD1A2D-B598-475E-9698-32688C0E2216}.Debug|Any CPU.ActiveCfg = Debug|Any CPU
		{6FBD1A2D-B598-475E-9698-32688C0E2216}.Debug|Any CPU.Build.0 = Debug|Any CPU
		{6FBD1A2D-B598-475E-9698-32688C0E2216}.Release|Any CPU.ActiveCfg = Release|Any CPU
		{6FBD1A2D-B598-475E-9698-32688C0E2216}.Release|Any CPU.Build.0 = Release|Any CPU
	EndGlobalSection
	GlobalSection(SolutionProperties) = preSolution
		HideSolutionNode = FALSE
	EndGlobalSection
	GlobalSection(ExtensibilityGlobals) = postSolution
		SolutionGuid = {DBF1E1DB-5852-428B-B7AC-CBEC7F9E05E2}
	EndGlobalSection
EndGlobal
